<<<<<<< HEAD
uuid: 461e7f48-0b5e-456a-b71b-28d35abc3a7b
=======
uuid: 476300bd-16ea-49a8-bfc5-afb2f7ee4551
>>>>>>> 4b4685440ff6489b9e8cb90826eda852001c7296
langcode: en
status: true
dependencies: {  }
id: search_api__views_block__search_api__search_api_block
name: 'search_api:views_block__search_api__search_api_block'
filter_key: null
url_processor: query_string
breadcrumb: {  }
